
Microsoft Visual Studio Solution File, Format Version 12.00
# Visual Studio Version 16
VisualStudioVersion = 16.0.31911.196
MinimumVisualStudioVersion = 10.0.40219.1
Project("{FAE04EC0-301F-11D3-BF4B-00C04F79EFBC}") = "Task_7", "Task_7.csproj", "{64622D60-11A0-4571-8500-3E4956E54A1C}"
EndProject
Global
	GlobalSection(SolutionConfigurationPlatforms) = preSolution
		Debug|Any CPU = Debug|Any CPU
		Release|Any CPU = Release|Any CPU
	EndGlobalSection
	GlobalSection(ProjectConfigurationPlatforms) = postSolution
		{64622D60-11A0-4571-8500-3E4956E54A1C}.Debug|Any CPU.ActiveCfg = Debug|Any CPU
		{64622D60-11A0-4571-8500-3E4956E54A1C}.Debug|Any CPU.Build.0 = Debug|Any CPU
		{64622D60-11A0-4571-8500-3E4956E54A1C}.Release|Any CPU.ActiveCfg = Release|Any CPU
		{64622D60-11A0-4571-8500-3E4956E54A1C}.Release|Any CPU.Build.0 = Release|Any CPU
	EndGlobalSection
	GlobalSection(SolutionProperties) = preSolution
		HideSolutionNode = FALSE
	EndGlobalSection
	GlobalSection(ExtensibilityGlobals) = postSolution
		SolutionGuid = {65E7BB0D-5C29-41F4-84C7-32FA4171F753}
	EndGlobalSection
EndGlobal
